
Microsoft Visual Studio Solution File, Format Version 12.00
# Visual Studio Version 16
VisualStudioVersion = 16.0.29509.3
MinimumVisualStudioVersion = 10.0.40219.1
Project("{FAE04EC0-301F-11D3-BF4B-00C04F79EFBC}") = "ChatClient", "ChatClient\ChatClient.csproj", "{630AF639-8114-42F3-902C-89D1F674D6A9}"
EndProject
Global
	GlobalSection(SolutionConfigurationPlatforms) = preSolution
		Debug|Any CPU = Debug|Any CPU
		Release|Any CPU = Release|Any CPU
	EndGlobalSection
	GlobalSection(ProjectConfigurationPlatforms) = postSolution
		{630AF639-8114-42F3-902C-89D1F674D6A9}.Debug|Any CPU.ActiveCfg = Debug|Any CPU
		{630AF639-8114-42F3-902C-89D1F674D6A9}.Debug|Any CPU.Build.0 = Debug|Any CPU
		{630AF639-8114-42F3-902C-89D1F674D6A9}.Release|Any CPU.ActiveCfg = Release|Any CPU
		{630AF639-8114-42F3-902C-89D1F674D6A9}.Release|Any CPU.Build.0 = Release|Any CPU
	EndGlobalSection
	GlobalSection(SolutionProperties) = preSolution
		HideSolutionNode = FALSE
	EndGlobalSection
	GlobalSection(ExtensibilityGlobals) = postSolution
		SolutionGuid = {65F0AA83-7990-4D95-ABFE-A82594DDBCD9}
	EndGlobalSection
EndGlobal
